PODS:
  - AFNetworking (3.1.0):
    - AFNetworking/NSURLSession (= 3.1.0)
    - AFNetworking/Reachability (= 3.1.0)
    - AFNetworking/Security (= 3.1.0)
    - AFNetworking/Serialization (= 3.1.0)
    - AFNetworking/UIKit (= 3.1.0)
  - AFNetworking/NSURLSession (3.1.0):
    - AFNetworking/Reachability
    - AFNetworking/Security
    - AFNetworking/Serialization
  - AFNetworking/Reachability (3.1.0)
  - AFNetworking/Security (3.1.0)
  - AFNetworking/Serialization (3.1.0)
  - AFNetworking/UIKit (3.1.0):
    - AFNetworking/NSURLSession
  - FLKAutoLayout (0.2.1)
  - Graph (1.0.12)
  - MWIDCardValidate (1.0.0)
  - Neon (0.0.3)
  - ORStackView (3.0.1):
    - FLKAutoLayout (~> 0.2)
  - Proposer (0.9.0)
  - SwiftDate (3.0.8)
  - swiftScan (1.0.7)
  - SwiftyJSON (2.3.2)

DEPENDENCIES:
  - AFNetworking
  - Graph
  - MWIDCardValidate
  - Neon
  - ORStackView
  - Proposer
  - SwiftDate
  - swiftScan
  - SwiftyJSON

SPEC CHECKSUMS:
  AFNetworking: 5e0e199f73d8626b11e79750991f5d173d1f8b67
  FLKAutoLayout: 9db6b30c2008d230da608e62c607b11c23b942e6
  Graph: 424ac9d276fbc3bdabb314f3e6e253a5c31b380f
  MWIDCardValidate: d00c39d6dffd7bfc3d3583ebe7f752237f186bab
  Neon: 589d3d217d326abe09726bf81add106cff685bf2
  ORStackView: a1bb52748cd0ae29891c140baf22ff8972fb363c
  Proposer: 231565a8b6bbb1816f3670d6471e6a84e582c80c
  SwiftDate: 971f8b9394f664f2226b9c3ab64e801a7291c612
  swiftScan: 45ecba9a337706f253e0d5a80b7510a7fd03223b
  SwiftyJSON: 04ccea08915aa0109039157c7974cf0298da292a

PODFILE CHECKSUM: d246ed43034c45c97a99e57bd64b627c93ef1900

COCOAPODS: 1.0.0
